
Microsoft Visual Studio Solution File, Format Version 12.00
# Visual Studio 2013
VisualStudioVersion = 12.0.31101.0
MinimumVisualStudioVersion = 10.0.40219.1
Project("{FAE04EC0-301F-11D3-BF4B-00C04F79EFBC}") = "ONS.Compiler.Business", "ONS.Compiler.Business\ONS.Compiler.Business.csproj", "{93C3D242-6F67-491E-B137-79B5742BF30C}"
EndProject
Project("{FAE04EC0-301F-11D3-BF4B-00C04F79EFBC}") = "Lib", "FleeSharp\Lib\Lib.csproj", "{68D9F6EB-4603-404A-A7E9-0154DC36CF19}"
EndProject
Project("{FAE04EC0-301F-11D3-BF4B-00C04F79EFBC}") = "Tests", "FleeSharp\Tests\Tests.csproj", "{EDA40B19-83E3-4906-B587-0C62A5387EA1}"
EndProject
Project("{2150E333-8FDC-42A3-9474-1A3956D46DE8}") = "FleeSharp", "FleeSharp", "{EB88D8C2-2280-4CF3-91FC-FC04D64AFFE2}"
EndProject
Project("{FAE04EC0-301F-11D3-BF4B-00C04F79EFBC}") = "ONS.MaquinaInequacoes.Service", "ONS.MaquinaInequacoes.Service\ONS.MaquinaInequacoes.Service.csproj", "{1DF8BCD5-1DDE-440F-84CB-96DFCCBF69CD}"
EndProject
Project("{FAE04EC0-301F-11D3-BF4B-00C04F79EFBC}") = "ONS.MaquinaInequacoes.WindowsFormApplication", "ONS.MaquinaInequacoes.WindowsFormApplication\ONS.MaquinaInequacoes.WindowsFormApplication.csproj", "{C33CE85B-2EE1-49D7-B3FB-EE5782E9C203}"
	ProjectSection(ProjectDependencies) = postProject
		{1DF8BCD5-1DDE-440F-84CB-96DFCCBF69CD} = {1DF8BCD5-1DDE-440F-84CB-96DFCCBF69CD}
	EndProjectSection
EndProject
Project("{FAE04EC0-301F-11D3-BF4B-00C04F79EFBC}") = "ONS.Compiler.Tests", "ONS.Compiler.Tests\ONS.Compiler.Tests.csproj", "{895FEA17-019F-4683-A9E5-853909D74CE7}"
	ProjectSection(ProjectDependencies) = postProject
		{1DF8BCD5-1DDE-440F-84CB-96DFCCBF69CD} = {1DF8BCD5-1DDE-440F-84CB-96DFCCBF69CD}
	EndProjectSection
EndProject
Project("{FAE04EC0-301F-11D3-BF4B-00C04F79EFBC}") = "ONS.MaquinaInequacoes.Service.SelfHost", "ONS.MaquinaInequacoes.Service.SelfHost\ONS.MaquinaInequacoes.Service.SelfHost.csproj", "{AB3DDC86-5ECC-4558-A854-32214E9FE9BE}"
EndProject
Global
	GlobalSection(SolutionConfigurationPlatforms) = preSolution
		Debug|Any CPU = Debug|Any CPU
		Release|Any CPU = Release|Any CPU
	EndGlobalSection
	GlobalSection(ProjectConfigurationPlatforms) = postSolution
		{93C3D242-6F67-491E-B137-79B5742BF30C}.Debug|Any CPU.ActiveCfg = Debug|Any CPU
		{93C3D242-6F67-491E-B137-79B5742BF30C}.Debug|Any CPU.Build.0 = Debug|Any CPU
		{93C3D242-6F67-491E-B137-79B5742BF30C}.Release|Any CPU.ActiveCfg = Release|Any CPU
		{93C3D242-6F67-491E-B137-79B5742BF30C}.Release|Any CPU.Build.0 = Release|Any CPU
		{68D9F6EB-4603-404A-A7E9-0154DC36CF19}.Debug|Any CPU.ActiveCfg = Debug|Any CPU
		{68D9F6EB-4603-404A-A7E9-0154DC36CF19}.Debug|Any CPU.Build.0 = Debug|Any CPU
		{68D9F6EB-4603-404A-A7E9-0154DC36CF19}.Release|Any CPU.ActiveCfg = Release|Any CPU
		{68D9F6EB-4603-404A-A7E9-0154DC36CF19}.Release|Any CPU.Build.0 = Release|Any CPU
		{EDA40B19-83E3-4906-B587-0C62A5387EA1}.Debug|Any CPU.ActiveCfg = Debug|Any CPU
		{EDA40B19-83E3-4906-B587-0C62A5387EA1}.Debug|Any CPU.Build.0 = Debug|Any CPU
		{EDA40B19-83E3-4906-B587-0C62A5387EA1}.Release|Any CPU.ActiveCfg = Release|Any CPU
		{EDA40B19-83E3-4906-B587-0C62A5387EA1}.Release|Any CPU.Build.0 = Release|Any CPU
		{1DF8BCD5-1DDE-440F-84CB-96DFCCBF69CD}.Debug|Any CPU.ActiveCfg = Debug|Any CPU
		{1DF8BCD5-1DDE-440F-84CB-96DFCCBF69CD}.Debug|Any CPU.Build.0 = Debug|Any CPU
		{1DF8BCD5-1DDE-440F-84CB-96DFCCBF69CD}.Release|Any CPU.ActiveCfg = Release|Any CPU
		{1DF8BCD5-1DDE-440F-84CB-96DFCCBF69CD}.Release|Any CPU.Build.0 = Release|Any CPU
		{C33CE85B-2EE1-49D7-B3FB-EE5782E9C203}.Debug|Any CPU.ActiveCfg = Debug|Any CPU
		{C33CE85B-2EE1-49D7-B3FB-EE5782E9C203}.Debug|Any CPU.Build.0 = Debug|Any CPU
		{C33CE85B-2EE1-49D7-B3FB-EE5782E9C203}.Release|Any CPU.ActiveCfg = Release|Any CPU
		{C33CE85B-2EE1-49D7-B3FB-EE5782E9C203}.Release|Any CPU.Build.0 = Release|Any CPU
		{895FEA17-019F-4683-A9E5-853909D74CE7}.Debug|Any CPU.ActiveCfg = Debug|Any CPU
		{895FEA17-019F-4683-A9E5-853909D74CE7}.Debug|Any CPU.Build.0 = Debug|Any CPU
		{895FEA17-019F-4683-A9E5-853909D74CE7}.Release|Any CPU.ActiveCfg = Release|Any CPU
		{895FEA17-019F-4683-A9E5-853909D74CE7}.Release|Any CPU.Build.0 = Release|Any CPU
		{AB3DDC86-5ECC-4558-A854-32214E9FE9BE}.Debug|Any CPU.ActiveCfg = Debug|Any CPU
		{AB3DDC86-5ECC-4558-A854-32214E9FE9BE}.Debug|Any CPU.Build.0 = Debug|Any CPU
		{AB3DDC86-5ECC-4558-A854-32214E9FE9BE}.Release|Any CPU.ActiveCfg = Release|Any CPU
		{AB3DDC86-5ECC-4558-A854-32214E9FE9BE}.Release|Any CPU.Build.0 = Release|Any CPU
	EndGlobalSection
	GlobalSection(SolutionProperties) = preSolution
		HideSolutionNode = FALSE
	EndGlobalSection
	GlobalSection(NestedProjects) = preSolution
		{68D9F6EB-4603-404A-A7E9-0154DC36CF19} = {EB88D8C2-2280-4CF3-91FC-FC04D64AFFE2}
		{EDA40B19-83E3-4906-B587-0C62A5387EA1} = {EB88D8C2-2280-4CF3-91FC-FC04D64AFFE2}
	EndGlobalSection
	GlobalSection(Performance) = preSolution
		HasPerformanceSessions = true
	EndGlobalSection
EndGlobal
